
Microsoft Visual Studio Solution File, Format Version 12.00
# Visual Studio Version 17
VisualStudioVersion = 17.0.31903.59
MinimumVisualStudioVersion = 10.0.40219.1
Project("{2150E333-8FDC-42A3-9474-1A3956D46DE8}") = "src", "src", "{8A426E2A-4241-40F9-B393-CC2240AABB71}"
EndProject
Project("{FAE04EC0-301F-11D3-BF4B-00C04F79EFBC}") = "EMS.Api", "src\EMS.Api\EMS.Api.csproj", "{1A041286-F52F-4863-8881-86AE7829829A}"
EndProject
Project("{FAE04EC0-301F-11D3-BF4B-00C04F79EFBC}") = "EMS.Application", "src\EMS.Application\EMS.Application.csproj", "{A5DDB980-2DBC-4001-808A-266159D4CCEF}"
EndProject
Project("{FAE04EC0-301F-11D3-BF4B-00C04F79EFBC}") = "EMS.Domain", "src\EMS.Domain\EMS.Domain.csproj", "{2267898D-0A80-4F11-98CB-977793E7110E}"
EndProject
Project("{FAE04EC0-301F-11D3-BF4B-00C04F79EFBC}") = "EMS.Infrastructure", "src\EMS.Infrastructure\EMS.Infrastructure.csproj", "{F1D91176-D097-4340-A230-DAF900C37729}"
EndProject
Project("{2150E333-8FDC-42A3-9474-1A3956D46DE8}") = "tests", "tests", "{4D752DE7-B9E1-45B8-8D53-BB1DCD393EBE}"
EndProject
Project("{FAE04EC0-301F-11D3-BF4B-00C04F79EFBC}") = "EMS.IntegrationTests", "tests\EMS.IntegrationTests\EMS.IntegrationTests.csproj", "{36CE2585-3DE3-4060-BEDD-B69BE4905190}"
EndProject
Project("{FAE04EC0-301F-11D3-BF4B-00C04F79EFBC}") = "EMS.UnitTests", "tests\EMS.UnitTests\EMS.UnitTests.csproj", "{59C20E21-70F3-4B21-B348-ED3E67FF1C45}"
EndProject
Global
	GlobalSection(SolutionProperties) = preSolution
		HideSolutionNode = FALSE
	EndGlobalSection
	GlobalSection(SolutionConfigurationPlatforms) = preSolution
		Debug|Any CPU = Debug|Any CPU
		Debug|x64 = Debug|x64
		Debug|x86 = Debug|x86
		Release|Any CPU = Release|Any CPU
		Release|x64 = Release|x64
		Release|x86 = Release|x86
	EndGlobalSection
	GlobalSection(ProjectConfigurationPlatforms) = postSolution
		{1A041286-F52F-4863-8881-86AE7829829A}.Debug|Any CPU.ActiveCfg = Debug|Any CPU
		{1A041286-F52F-4863-8881-86AE7829829A}.Debug|Any CPU.Build.0 = Debug|Any CPU
		{1A041286-F52F-4863-8881-86AE7829829A}.Debug|x64.ActiveCfg = Debug|Any CPU
		{1A041286-F52F-4863-8881-86AE7829829A}.Debug|x64.Build.0 = Debug|Any CPU
		{1A041286-F52F-4863-8881-86AE7829829A}.Debug|x86.ActiveCfg = Debug|Any CPU
		{1A041286-F52F-4863-8881-86AE7829829A}.Debug|x86.Build.0 = Debug|Any CPU
		{1A041286-F52F-4863-8881-86AE7829829A}.Release|Any CPU.ActiveCfg = Release|Any CPU
		{1A041286-F52F-4863-8881-86AE7829829A}.Release|Any CPU.Build.0 = Release|Any CPU
		{1A041286-F52F-4863-8881-86AE7829829A}.Release|x64.ActiveCfg = Release|Any CPU
		{1A041286-F52F-4863-8881-86AE7829829A}.Release|x64.Build.0 = Release|Any CPU
		{1A041286-F52F-4863-8881-86AE7829829A}.Release|x86.ActiveCfg = Release|Any CPU
		{1A041286-F52F-4863-8881-86AE7829829A}.Release|x86.Build.0 = Release|Any CPU
		{A5DDB980-2DBC-4001-808A-266159D4CCEF}.Debug|Any CPU.ActiveCfg = Debug|Any CPU
		{A5DDB980-2DBC-4001-808A-266159D4CCEF}.Debug|Any CPU.Build.0 = Debug|Any CPU
		{A5DDB980-2DBC-4001-808A-266159D4CCEF}.Debug|x64.ActiveCfg = Debug|Any CPU
		{A5DDB980-2DBC-4001-808A-266159D4CCEF}.Debug|x64.Build.0 = Debug|Any CPU
		{A5DDB980-2DBC-4001-808A-266159D4CCEF}.Debug|x86.ActiveCfg = Debug|Any CPU
		{A5DDB980-2DBC-4001-808A-266159D4CCEF}.Debug|x86.Build.0 = Debug|Any CPU
		{A5DDB980-2DBC-4001-808A-266159D4CCEF}.Release|Any CPU.ActiveCfg = Release|Any CPU
		{A5DDB980-2DBC-4001-808A-266159D4CCEF}.Release|Any CPU.Build.0 = Release|Any CPU
		{A5DDB980-2DBC-4001-808A-266159D4CCEF}.Release|x64.ActiveCfg = Release|Any CPU
		{A5DDB980-2DBC-4001-808A-266159D4CCEF}.Release|x64.Build.0 = Release|Any CPU
		{A5DDB980-2DBC-4001-808A-266159D4CCEF}.Release|x86.ActiveCfg = Release|Any CPU
		{A5DDB980-2DBC-4001-808A-266159D4CCEF}.Release|x86.Build.0 = Release|Any CPU
		{2267898D-0A80-4F11-98CB-977793E7110E}.Debug|Any CPU.ActiveCfg = Debug|Any CPU
		{2267898D-0A80-4F11-98CB-977793E7110E}.Debug|Any CPU.Build.0 = Debug|Any CPU
		{2267898D-0A80-4F11-98CB-977793E7110E}.Debug|x64.ActiveCfg = Debug|Any CPU
		{2267898D-0A80-4F11-98CB-977793E7110E}.Debug|x64.Build.0 = Debug|Any CPU
		{2267898D-0A80-4F11-98CB-977793E7110E}.Debug|x86.ActiveCfg = Debug|Any CPU
		{2267898D-0A80-4F11-98CB-977793E7110E}.Debug|x86.Build.0 = Debug|Any CPU
		{2267898D-0A80-4F11-98CB-977793E7110E}.Release|Any CPU.ActiveCfg = Release|Any CPU
		{2267898D-0A80-4F11-98CB-977793E7110E}.Release|Any CPU.Build.0 = Release|Any CPU
		{2267898D-0A80-4F11-98CB-977793E7110E}.Release|x64.ActiveCfg = Release|Any CPU
		{2267898D-0A80-4F11-98CB-977793E7110E}.Release|x64.Build.0 = Release|Any CPU
		{2267898D-0A80-4F11-98CB-977793E7110E}.Release|x86.ActiveCfg = Release|Any CPU
		{2267898D-0A80-4F11-98CB-977793E7110E}.Release|x86.Build.0 = Release|Any CPU
		{F1D91176-D097-4340-A230-DAF900C37729}.Debug|Any CPU.ActiveCfg = Debug|Any CPU
		{F1D91176-D097-4340-A230-DAF900C37729}.Debug|Any CPU.Build.0 = Debug|Any CPU
		{F1D91176-D097-4340-A230-DAF900C37729}.Debug|x64.ActiveCfg = Debug|Any CPU
		{F1D91176-D097-4340-A230-DAF900C37729}.Debug|x64.Build.0 = Debug|Any CPU
		{F1D91176-D097-4340-A230-DAF900C37729}.Debug|x86.ActiveCfg = Debug|Any CPU
		{F1D91176-D097-4340-A230-DAF900C37729}.Debug|x86.Build.0 = Debug|Any CPU
		{F1D91176-D097-4340-A230-DAF900C37729}.Release|Any CPU.ActiveCfg = Release|Any CPU
		{F1D91176-D097-4340-A230-DAF900C37729}.Release|Any CPU.Build.0 = Release|Any CPU
		{F1D91176-D097-4340-A230-DAF900C37729}.Release|x64.ActiveCfg = Release|Any CPU
		{F1D91176-D097-4340-A230-DAF900C37729}.Release|x64.Build.0 = Release|Any CPU
		{F1D91176-D097-4340-A230-DAF900C37729}.Release|x86.ActiveCfg = Release|Any CPU
		{F1D91176-D097-4340-A230-DAF900C37729}.Release|x86.Build.0 = Release|Any CPU
		{36CE2585-3DE3-4060-BEDD-B69BE4905190}.Debug|Any CPU.ActiveCfg = Debug|Any CPU
		{36CE2585-3DE3-4060-BEDD-B69BE4905190}.Debug|Any CPU.Build.0 = Debug|Any CPU
		{36CE2585-3DE3-4060-BEDD-B69BE4905190}.Debug|x64.ActiveCfg = Debug|Any CPU
		{36CE2585-3DE3-4060-BEDD-B69BE4905190}.Debug|x64.Build.0 = Debug|Any CPU
		{36CE2585-3DE3-4060-BEDD-B69BE4905190}.Debug|x86.ActiveCfg = Debug|Any CPU
		{36CE2585-3DE3-4060-BEDD-B69BE4905190}.Debug|x86.Build.0 = Debug|Any CPU
		{36CE2585-3DE3-4060-BEDD-B69BE4905190}.Release|Any CPU.ActiveCfg = Release|Any CPU
		{36CE2585-3DE3-4060-BEDD-B69BE4905190}.Release|Any CPU.Build.0 = Release|Any CPU
		{36CE2585-3DE3-4060-BEDD-B69BE4905190}.Release|x64.ActiveCfg = Release|Any CPU
		{36CE2585-3DE3-4060-BEDD-B69BE4905190}.Release|x64.Build.0 = Release|Any CPU
		{36CE2585-3DE3-4060-BEDD-B69BE4905190}.Release|x86.ActiveCfg = Release|Any CPU
		{36CE2585-3DE3-4060-BEDD-B69BE4905190}.Release|x86.Build.0 = Release|Any CPU
		{59C20E21-70F3-4B21-B348-ED3E67FF1C45}.Debug|Any CPU.ActiveCfg = Debug|Any CPU
		{59C20E21-70F3-4B21-B348-ED3E67FF1C45}.Debug|Any CPU.Build.0 = Debug|Any CPU
		{59C20E21-70F3-4B21-B348-ED3E67FF1C45}.Debug|x64.ActiveCfg = Debug|Any CPU
		{59C20E21-70F3-4B21-B348-ED3E67FF1C45}.Debug|x64.Build.0 = Debug|Any CPU
		{59C20E21-70F3-4B21-B348-ED3E67FF1C45}.Debug|x86.ActiveCfg = Debug|Any CPU
		{59C20E21-70F3-4B21-B348-ED3E67FF1C45}.Debug|x86.Build.0 = Debug|Any CPU
		{59C20E21-70F3-4B21-B348-ED3E67FF1C45}.Release|Any CPU.ActiveCfg = Release|Any CPU
		{59C20E21-70F3-4B21-B348-ED3E67FF1C45}.Release|Any CPU.Build.0 = Release|Any CPU
		{59C20E21-70F3-4B21-B348-ED3E67FF1C45}.Release|x64.ActiveCfg = Release|Any CPU
		{59C20E21-70F3-4B21-B348-ED3E67FF1C45}.Release|x64.Build.0 = Release|Any CPU
		{59C20E21-70F3-4B21-B348-ED3E67FF1C45}.Release|x86.ActiveCfg = Release|Any CPU
		{59C20E21-70F3-4B21-B348-ED3E67FF1C45}.Release|x86.Build.0 = Release|Any CPU
	EndGlobalSection
	GlobalSection(NestedProjects) = preSolution
		{1A041286-F52F-4863-8881-86AE7829829A} = {8A426E2A-4241-40F9-B393-CC2240AABB71}
		{A5DDB980-2DBC-4001-808A-266159D4CCEF} = {8A426E2A-4241-40F9-B393-CC2240AABB71}
		{2267898D-0A80-4F11-98CB-977793E7110E} = {8A426E2A-4241-40F9-B393-CC2240AABB71}
		{F1D91176-D097-4340-A230-DAF900C37729} = {8A426E2A-4241-40F9-B393-CC2240AABB71}
		{36CE2585-3DE3-4060-BEDD-B69BE4905190} = {4D752DE7-B9E1-45B8-8D53-BB1DCD393EBE}
		{59C20E21-70F3-4B21-B348-ED3E67FF1C45} = {4D752DE7-B9E1-45B8-8D53-BB1DCD393EBE}
	EndGlobalSection
EndGlobal
